
Microsoft Visual Studio Solution File, Format Version 12.00
# Visual Studio 15
VisualStudioVersion = 15.0.28010.2026
MinimumVisualStudioVersion = 10.0.40219.1
Project("{FAE04EC0-301F-11D3-BF4B-00C04F79EFBC}") = "WPFELEM", "WPFELEM\WPFELEM.csproj", "{2F582BDB-A96D-4136-92A2-B9C5CF10F62E}"
EndProject
Global
	GlobalSection(SolutionConfigurationPlatforms) = preSolution
		Debug|Any CPU = Debug|Any CPU
		Release|Any CPU = Release|Any CPU
	EndGlobalSection
	GlobalSection(ProjectConfigurationPlatforms) = postSolution
		{2F582BDB-A96D-4136-92A2-B9C5CF10F62E}.Debug|Any CPU.ActiveCfg = Debug|Any CPU
		{2F582BDB-A96D-4136-92A2-B9C5CF10F62E}.Debug|Any CPU.Build.0 = Debug|Any CPU
		{2F582BDB-A96D-4136-92A2-B9C5CF10F62E}.Release|Any CPU.ActiveCfg = Release|Any CPU
		{2F582BDB-A96D-4136-92A2-B9C5CF10F62E}.Release|Any CPU.Build.0 = Release|Any CPU
	EndGlobalSection
	GlobalSection(SolutionProperties) = preSolution
		HideSolutionNode = FALSE
	EndGlobalSection
	GlobalSection(ExtensibilityGlobals) = postSolution
		SolutionGuid = {319DCA41-E0EE-4298-B1F6-7C17C0EF259A}
	EndGlobalSection
EndGlobal
